
Microsoft Visual Studio Solution File, Format Version 12.00
# Visual Studio 2013
VisualStudioVersion = 12.0.30723.0
MinimumVisualStudioVersion = 10.0.40219.1
Project("{FAE04EC0-301F-11D3-BF4B-00C04F79EFBC}") = "EFModelCustomizer", "EFModelCustomizer\EFModelCustomizer.csproj", "{F5AE9855-2684-409A-9614-10135336F12B}"
EndProject
Project("{FAE04EC0-301F-11D3-BF4B-00C04F79EFBC}") = "Contoso", "Contoso\Contoso.csproj", "{C6CE9DB2-1C64-48FA-9036-4946EF24FCDE}"
EndProject
Global
	GlobalSection(SolutionConfigurationPlatforms) = preSolution
		Debug|Any CPU = Debug|Any CPU
		Release|Any CPU = Release|Any CPU
	EndGlobalSection
	GlobalSection(ProjectConfigurationPlatforms) = postSolution
		{F5AE9855-2684-409A-9614-10135336F12B}.Debug|Any CPU.ActiveCfg = Debug|Any CPU
		{F5AE9855-2684-409A-9614-10135336F12B}.Debug|Any CPU.Build.0 = Debug|Any CPU
		{F5AE9855-2684-409A-9614-10135336F12B}.Release|Any CPU.ActiveCfg = Release|Any CPU
		{F5AE9855-2684-409A-9614-10135336F12B}.Release|Any CPU.Build.0 = Release|Any CPU
		{C6CE9DB2-1C64-48FA-9036-4946EF24FCDE}.Debug|Any CPU.ActiveCfg = Debug|Any CPU
		{C6CE9DB2-1C64-48FA-9036-4946EF24FCDE}.Debug|Any CPU.Build.0 = Debug|Any CPU
		{C6CE9DB2-1C64-48FA-9036-4946EF24FCDE}.Release|Any CPU.ActiveCfg = Release|Any CPU
		{C6CE9DB2-1C64-48FA-9036-4946EF24FCDE}.Release|Any CPU.Build.0 = Release|Any CPU
	EndGlobalSection
	GlobalSection(SolutionProperties) = preSolution
		HideSolutionNode = FALSE
	EndGlobalSection
EndGlobal
